
Microsoft Visual Studio Solution File, Format Version 12.00
# Visual Studio Version 17
VisualStudioVersion = 17.11.35312.102
MinimumVisualStudioVersion = 10.0.40219.1
Project("{9A19103F-16F7-4668-BE54-9A1E7A4F7556}") = "TaskMaster", "TaskMaster\TaskMaster.csproj", "{F7822FAD-CC49-4E9B-B060-A49CA6467252}"
EndProject
Project("{9A19103F-16F7-4668-BE54-9A1E7A4F7556}") = "Controls", "Infrastructure\Controls\Controls.csproj", "{C4C109EF-D09E-4BC7-88F6-6BC3FE9820B7}"
EndProject
Project("{9A19103F-16F7-4668-BE54-9A1E7A4F7556}") = "Services", "Infrastructure\Services\Services.csproj", "{21DEC29F-3F6F-498F-9227-A078EDA76B55}"
EndProject
Project("{9A19103F-16F7-4668-BE54-9A1E7A4F7556}") = "Entities", "Infrastructure\Entities\Entities.csproj", "{777C2E51-FAD3-4DF6-9841-6A7BE41CBA16}"
EndProject
Global
	GlobalSection(SolutionConfigurationPlatforms) = preSolution
		Debug|Any CPU = Debug|Any CPU
		Debug|x64 = Debug|x64
		Debug|x86 = Debug|x86
		Release|Any CPU = Release|Any CPU
		Release|x64 = Release|x64
		Release|x86 = Release|x86
	EndGlobalSection
	GlobalSection(ProjectConfigurationPlatforms) = postSolution
		{F7822FAD-CC49-4E9B-B060-A49CA6467252}.Debug|Any CPU.ActiveCfg = Debug|Any CPU
		{F7822FAD-CC49-4E9B-B060-A49CA6467252}.Debug|Any CPU.Build.0 = Debug|Any CPU
		{F7822FAD-CC49-4E9B-B060-A49CA6467252}.Debug|x64.ActiveCfg = Debug|Any CPU
		{F7822FAD-CC49-4E9B-B060-A49CA6467252}.Debug|x64.Build.0 = Debug|Any CPU
		{F7822FAD-CC49-4E9B-B060-A49CA6467252}.Debug|x86.ActiveCfg = Debug|Any CPU
		{F7822FAD-CC49-4E9B-B060-A49CA6467252}.Debug|x86.Build.0 = Debug|Any CPU
		{F7822FAD-CC49-4E9B-B060-A49CA6467252}.Release|Any CPU.ActiveCfg = Release|Any CPU
		{F7822FAD-CC49-4E9B-B060-A49CA6467252}.Release|Any CPU.Build.0 = Release|Any CPU
		{F7822FAD-CC49-4E9B-B060-A49CA6467252}.Release|x64.ActiveCfg = Release|Any CPU
		{F7822FAD-CC49-4E9B-B060-A49CA6467252}.Release|x64.Build.0 = Release|Any CPU
		{F7822FAD-CC49-4E9B-B060-A49CA6467252}.Release|x86.ActiveCfg = Release|Any CPU
		{F7822FAD-CC49-4E9B-B060-A49CA6467252}.Release|x86.Build.0 = Release|Any CPU
		{C4C109EF-D09E-4BC7-88F6-6BC3FE9820B7}.Debug|Any CPU.ActiveCfg = Debug|Any CPU
		{C4C109EF-D09E-4BC7-88F6-6BC3FE9820B7}.Debug|Any CPU.Build.0 = Debug|Any CPU
		{C4C109EF-D09E-4BC7-88F6-6BC3FE9820B7}.Debug|x64.ActiveCfg = Debug|x64
		{C4C109EF-D09E-4BC7-88F6-6BC3FE9820B7}.Debug|x64.Build.0 = Debug|x64
		{C4C109EF-D09E-4BC7-88F6-6BC3FE9820B7}.Debug|x86.ActiveCfg = Debug|x86
		{C4C109EF-D09E-4BC7-88F6-6BC3FE9820B7}.Debug|x86.Build.0 = Debug|x86
		{C4C109EF-D09E-4BC7-88F6-6BC3FE9820B7}.Release|Any CPU.ActiveCfg = Release|Any CPU
		{C4C109EF-D09E-4BC7-88F6-6BC3FE9820B7}.Release|Any CPU.Build.0 = Release|Any CPU
		{C4C109EF-D09E-4BC7-88F6-6BC3FE9820B7}.Release|x64.ActiveCfg = Release|x64
		{C4C109EF-D09E-4BC7-88F6-6BC3FE9820B7}.Release|x64.Build.0 = Release|x64
		{C4C109EF-D09E-4BC7-88F6-6BC3FE9820B7}.Release|x86.ActiveCfg = Release|x86
		{C4C109EF-D09E-4BC7-88F6-6BC3FE9820B7}.Release|x86.Build.0 = Release|x86
		{21DEC29F-3F6F-498F-9227-A078EDA76B55}.Debug|Any CPU.ActiveCfg = Debug|Any CPU
		{21DEC29F-3F6F-498F-9227-A078EDA76B55}.Debug|Any CPU.Build.0 = Debug|Any CPU
		{21DEC29F-3F6F-498F-9227-A078EDA76B55}.Debug|x64.ActiveCfg = Debug|x64
		{21DEC29F-3F6F-498F-9227-A078EDA76B55}.Debug|x64.Build.0 = Debug|x64
		{21DEC29F-3F6F-498F-9227-A078EDA76B55}.Debug|x86.ActiveCfg = Debug|x86
		{21DEC29F-3F6F-498F-9227-A078EDA76B55}.Debug|x86.Build.0 = Debug|x86
		{21DEC29F-3F6F-498F-9227-A078EDA76B55}.Release|Any CPU.ActiveCfg = Release|Any CPU
		{21DEC29F-3F6F-498F-9227-A078EDA76B55}.Release|Any CPU.Build.0 = Release|Any CPU
		{21DEC29F-3F6F-498F-9227-A078EDA76B55}.Release|x64.ActiveCfg = Release|x64
		{21DEC29F-3F6F-498F-9227-A078EDA76B55}.Release|x64.Build.0 = Release|x64
		{21DEC29F-3F6F-498F-9227-A078EDA76B55}.Release|x86.ActiveCfg = Release|x86
		{21DEC29F-3F6F-498F-9227-A078EDA76B55}.Release|x86.Build.0 = Release|x86
		{777C2E51-FAD3-4DF6-9841-6A7BE41CBA16}.Debug|Any CPU.ActiveCfg = Debug|Any CPU
		{777C2E51-FAD3-4DF6-9841-6A7BE41CBA16}.Debug|Any CPU.Build.0 = Debug|Any CPU
		{777C2E51-FAD3-4DF6-9841-6A7BE41CBA16}.Debug|x64.ActiveCfg = Debug|x64
		{777C2E51-FAD3-4DF6-9841-6A7BE41CBA16}.Debug|x64.Build.0 = Debug|x64
		{777C2E51-FAD3-4DF6-9841-6A7BE41CBA16}.Debug|x86.ActiveCfg = Debug|x86
		{777C2E51-FAD3-4DF6-9841-6A7BE41CBA16}.Debug|x86.Build.0 = Debug|x86
		{777C2E51-FAD3-4DF6-9841-6A7BE41CBA16}.Release|Any CPU.ActiveCfg = Release|Any CPU
		{777C2E51-FAD3-4DF6-9841-6A7BE41CBA16}.Release|Any CPU.Build.0 = Release|Any CPU
		{777C2E51-FAD3-4DF6-9841-6A7BE41CBA16}.Release|x64.ActiveCfg = Release|x64
		{777C2E51-FAD3-4DF6-9841-6A7BE41CBA16}.Release|x64.Build.0 = Release|x64
		{777C2E51-FAD3-4DF6-9841-6A7BE41CBA16}.Release|x86.ActiveCfg = Release|x86
		{777C2E51-FAD3-4DF6-9841-6A7BE41CBA16}.Release|x86.Build.0 = Release|x86
	EndGlobalSection
	GlobalSection(SolutionProperties) = preSolution
		HideSolutionNode = FALSE
	EndGlobalSection
	GlobalSection(ExtensibilityGlobals) = postSolution
		SolutionGuid = {D9813A0F-08DB-464D-A6AF-7AE8C6143C9B}
	EndGlobalSection
EndGlobal
