
Microsoft Visual Studio Solution File, Format Version 12.00
# Visual Studio Version 17
VisualStudioVersion = 17.11.35312.102
MinimumVisualStudioVersion = 10.0.40219.1
Project("{9A19103F-16F7-4668-BE54-9A1E7A4F7556}") = "TaskMaster", "TaskMaster\TaskMaster.csproj", "{F7822FAD-CC49-4E9B-B060-A49CA6467252}"
EndProject
Project("{9A19103F-16F7-4668-BE54-9A1E7A4F7556}") = "Controls", "Infrastructure\Controls\Controls.csproj", "{C4C109EF-D09E-4BC7-88F6-6BC3FE9820B7}"
EndProject
Project("{9A19103F-16F7-4668-BE54-9A1E7A4F7556}") = "Services", "Infrastructure\Services\Services.csproj", "{21DEC29F-3F6F-498F-9227-A078EDA76B55}"
EndProject
Project("{9A19103F-16F7-4668-BE54-9A1E7A4F7556}") = "Entities", "Infrastructure\Entities\Entities.csproj", "{777C2E51-FAD3-4DF6-9841-6A7BE41CBA16}"
EndProject
Project("{9A19103F-16F7-4668-BE54-9A1E7A4F7556}") = "ScriptHandler", "ScriptsInfrastructure\ScriptHandler\ScriptHandler.csproj", "{3E55F2A7-4104-4D9A-A808-C70F85F1FA05}"
EndProject
Project("{9A19103F-16F7-4668-BE54-9A1E7A4F7556}") = "DBCFileParser", "Infrastructure\DBCFileParser\DBCFileParser.csproj", "{82616434-9BAA-414B-8B81-B59CFFE48828}"
EndProject
Project("{9A19103F-16F7-4668-BE54-9A1E7A4F7556}") = "Converters", "Infrastructure\Converters\Converters.csproj", "{2E861C84-2D80-4A55-9AF4-26B43295EDFD}"
EndProject
Project("{9A19103F-16F7-4668-BE54-9A1E7A4F7556}") = "DeviceCommunicators", "DevicesInfrastructures\DeviceCommunicators\DeviceCommunicators.csproj", "{06C7DC7E-E8D3-4ADD-8C7A-0E089E003380}"
EndProject
Project("{9A19103F-16F7-4668-BE54-9A1E7A4F7556}") = "DeviceHandler", "DevicesInfrastructures\DeviceHandler\DeviceHandler.csproj", "{AC4FAF1A-7FDF-480F-B254-1B275619C1C9}"
EndProject
Project("{9A19103F-16F7-4668-BE54-9A1E7A4F7556}") = "Communication", "Infrastructure\Communication\Communication.csproj", "{76398E62-37A5-497A-AE8E-90549921065D}"
EndProject
Project("{9A19103F-16F7-4668-BE54-9A1E7A4F7556}") = "FlashingToolLib", "FlashingToollib\FlashingToolLib\FlashingToolLib.csproj", "{635BE9AA-D6B0-4EE3-9184-67CF31D69FC4}"
EndProject
Global
	GlobalSection(SolutionConfigurationPlatforms) = preSolution
		Debug|Any CPU = Debug|Any CPU
		Debug|x64 = Debug|x64
		Debug|x86 = Debug|x86
		Release|Any CPU = Release|Any CPU
		Release|x64 = Release|x64
		Release|x86 = Release|x86
	EndGlobalSection
	GlobalSection(ProjectConfigurationPlatforms) = postSolution
		{F7822FAD-CC49-4E9B-B060-A49CA6467252}.Debug|Any CPU.ActiveCfg = Debug|Any CPU
		{F7822FAD-CC49-4E9B-B060-A49CA6467252}.Debug|Any CPU.Build.0 = Debug|Any CPU
		{F7822FAD-CC49-4E9B-B060-A49CA6467252}.Debug|x64.ActiveCfg = Debug|Any CPU
		{F7822FAD-CC49-4E9B-B060-A49CA6467252}.Debug|x64.Build.0 = Debug|Any CPU
		{F7822FAD-CC49-4E9B-B060-A49CA6467252}.Debug|x86.ActiveCfg = Debug|Any CPU
		{F7822FAD-CC49-4E9B-B060-A49CA6467252}.Debug|x86.Build.0 = Debug|Any CPU
		{F7822FAD-CC49-4E9B-B060-A49CA6467252}.Release|Any CPU.ActiveCfg = Release|Any CPU
		{F7822FAD-CC49-4E9B-B060-A49CA6467252}.Release|Any CPU.Build.0 = Release|Any CPU
		{F7822FAD-CC49-4E9B-B060-A49CA6467252}.Release|x64.ActiveCfg = Release|Any CPU
		{F7822FAD-CC49-4E9B-B060-A49CA6467252}.Release|x64.Build.0 = Release|Any CPU
		{F7822FAD-CC49-4E9B-B060-A49CA6467252}.Release|x86.ActiveCfg = Release|Any CPU
		{F7822FAD-CC49-4E9B-B060-A49CA6467252}.Release|x86.Build.0 = Release|Any CPU
		{C4C109EF-D09E-4BC7-88F6-6BC3FE9820B7}.Debug|Any CPU.ActiveCfg = Debug|Any CPU
		{C4C109EF-D09E-4BC7-88F6-6BC3FE9820B7}.Debug|Any CPU.Build.0 = Debug|Any CPU
		{C4C109EF-D09E-4BC7-88F6-6BC3FE9820B7}.Debug|x64.ActiveCfg = Debug|x64
		{C4C109EF-D09E-4BC7-88F6-6BC3FE9820B7}.Debug|x64.Build.0 = Debug|x64
		{C4C109EF-D09E-4BC7-88F6-6BC3FE9820B7}.Debug|x86.ActiveCfg = Debug|x86
		{C4C109EF-D09E-4BC7-88F6-6BC3FE9820B7}.Debug|x86.Build.0 = Debug|x86
		{C4C109EF-D09E-4BC7-88F6-6BC3FE9820B7}.Release|Any CPU.ActiveCfg = Release|Any CPU
		{C4C109EF-D09E-4BC7-88F6-6BC3FE9820B7}.Release|Any CPU.Build.0 = Release|Any CPU
		{C4C109EF-D09E-4BC7-88F6-6BC3FE9820B7}.Release|x64.ActiveCfg = Release|x64
		{C4C109EF-D09E-4BC7-88F6-6BC3FE9820B7}.Release|x64.Build.0 = Release|x64
		{C4C109EF-D09E-4BC7-88F6-6BC3FE9820B7}.Release|x86.ActiveCfg = Release|x86
		{C4C109EF-D09E-4BC7-88F6-6BC3FE9820B7}.Release|x86.Build.0 = Release|x86
		{21DEC29F-3F6F-498F-9227-A078EDA76B55}.Debug|Any CPU.ActiveCfg = Debug|Any CPU
		{21DEC29F-3F6F-498F-9227-A078EDA76B55}.Debug|Any CPU.Build.0 = Debug|Any CPU
		{21DEC29F-3F6F-498F-9227-A078EDA76B55}.Debug|x64.ActiveCfg = Debug|x64
		{21DEC29F-3F6F-498F-9227-A078EDA76B55}.Debug|x64.Build.0 = Debug|x64
		{21DEC29F-3F6F-498F-9227-A078EDA76B55}.Debug|x86.ActiveCfg = Debug|x86
		{21DEC29F-3F6F-498F-9227-A078EDA76B55}.Debug|x86.Build.0 = Debug|x86
		{21DEC29F-3F6F-498F-9227-A078EDA76B55}.Release|Any CPU.ActiveCfg = Release|Any CPU
		{21DEC29F-3F6F-498F-9227-A078EDA76B55}.Release|Any CPU.Build.0 = Release|Any CPU
		{21DEC29F-3F6F-498F-9227-A078EDA76B55}.Release|x64.ActiveCfg = Release|x64
		{21DEC29F-3F6F-498F-9227-A078EDA76B55}.Release|x64.Build.0 = Release|x64
		{21DEC29F-3F6F-498F-9227-A078EDA76B55}.Release|x86.ActiveCfg = Release|x86
		{21DEC29F-3F6F-498F-9227-A078EDA76B55}.Release|x86.Build.0 = Release|x86
		{777C2E51-FAD3-4DF6-9841-6A7BE41CBA16}.Debug|Any CPU.ActiveCfg = Debug|Any CPU
		{777C2E51-FAD3-4DF6-9841-6A7BE41CBA16}.Debug|Any CPU.Build.0 = Debug|Any CPU
		{777C2E51-FAD3-4DF6-9841-6A7BE41CBA16}.Debug|x64.ActiveCfg = Debug|x64
		{777C2E51-FAD3-4DF6-9841-6A7BE41CBA16}.Debug|x64.Build.0 = Debug|x64
		{777C2E51-FAD3-4DF6-9841-6A7BE41CBA16}.Debug|x86.ActiveCfg = Debug|x86
		{777C2E51-FAD3-4DF6-9841-6A7BE41CBA16}.Debug|x86.Build.0 = Debug|x86
		{777C2E51-FAD3-4DF6-9841-6A7BE41CBA16}.Release|Any CPU.ActiveCfg = Release|Any CPU
		{777C2E51-FAD3-4DF6-9841-6A7BE41CBA16}.Release|Any CPU.Build.0 = Release|Any CPU
		{777C2E51-FAD3-4DF6-9841-6A7BE41CBA16}.Release|x64.ActiveCfg = Release|x64
		{777C2E51-FAD3-4DF6-9841-6A7BE41CBA16}.Release|x64.Build.0 = Release|x64
		{777C2E51-FAD3-4DF6-9841-6A7BE41CBA16}.Release|x86.ActiveCfg = Release|x86
		{777C2E51-FAD3-4DF6-9841-6A7BE41CBA16}.Release|x86.Build.0 = Release|x86
		{3E55F2A7-4104-4D9A-A808-C70F85F1FA05}.Debug|Any CPU.ActiveCfg = Debug|Any CPU
		{3E55F2A7-4104-4D9A-A808-C70F85F1FA05}.Debug|Any CPU.Build.0 = Debug|Any CPU
		{3E55F2A7-4104-4D9A-A808-C70F85F1FA05}.Debug|x64.ActiveCfg = Debug|x64
		{3E55F2A7-4104-4D9A-A808-C70F85F1FA05}.Debug|x64.Build.0 = Debug|x64
		{3E55F2A7-4104-4D9A-A808-C70F85F1FA05}.Debug|x86.ActiveCfg = Debug|x86
		{3E55F2A7-4104-4D9A-A808-C70F85F1FA05}.Debug|x86.Build.0 = Debug|x86
		{3E55F2A7-4104-4D9A-A808-C70F85F1FA05}.Release|Any CPU.ActiveCfg = Release|Any CPU
		{3E55F2A7-4104-4D9A-A808-C70F85F1FA05}.Release|Any CPU.Build.0 = Release|Any CPU
		{3E55F2A7-4104-4D9A-A808-C70F85F1FA05}.Release|x64.ActiveCfg = Release|x64
		{3E55F2A7-4104-4D9A-A808-C70F85F1FA05}.Release|x64.Build.0 = Release|x64
		{3E55F2A7-4104-4D9A-A808-C70F85F1FA05}.Release|x86.ActiveCfg = Release|x86
		{3E55F2A7-4104-4D9A-A808-C70F85F1FA05}.Release|x86.Build.0 = Release|x86
		{82616434-9BAA-414B-8B81-B59CFFE48828}.Debug|Any CPU.ActiveCfg = Debug|Any CPU
		{82616434-9BAA-414B-8B81-B59CFFE48828}.Debug|Any CPU.Build.0 = Debug|Any CPU
		{82616434-9BAA-414B-8B81-B59CFFE48828}.Debug|x64.ActiveCfg = Debug|x64
		{82616434-9BAA-414B-8B81-B59CFFE48828}.Debug|x64.Build.0 = Debug|x64
		{82616434-9BAA-414B-8B81-B59CFFE48828}.Debug|x86.ActiveCfg = Debug|x86
		{82616434-9BAA-414B-8B81-B59CFFE48828}.Debug|x86.Build.0 = Debug|x86
		{82616434-9BAA-414B-8B81-B59CFFE48828}.Release|Any CPU.ActiveCfg = Release|Any CPU
		{82616434-9BAA-414B-8B81-B59CFFE48828}.Release|Any CPU.Build.0 = Release|Any CPU
		{82616434-9BAA-414B-8B81-B59CFFE48828}.Release|x64.ActiveCfg = Release|x64
		{82616434-9BAA-414B-8B81-B59CFFE48828}.Release|x64.Build.0 = Release|x64
		{82616434-9BAA-414B-8B81-B59CFFE48828}.Release|x86.ActiveCfg = Release|x86
		{82616434-9BAA-414B-8B81-B59CFFE48828}.Release|x86.Build.0 = Release|x86
		{2E861C84-2D80-4A55-9AF4-26B43295EDFD}.Debug|Any CPU.ActiveCfg = Debug|Any CPU
		{2E861C84-2D80-4A55-9AF4-26B43295EDFD}.Debug|Any CPU.Build.0 = Debug|Any CPU
		{2E861C84-2D80-4A55-9AF4-26B43295EDFD}.Debug|x64.ActiveCfg = Debug|x64
		{2E861C84-2D80-4A55-9AF4-26B43295EDFD}.Debug|x64.Build.0 = Debug|x64
		{2E861C84-2D80-4A55-9AF4-26B43295EDFD}.Debug|x86.ActiveCfg = Debug|x86
		{2E861C84-2D80-4A55-9AF4-26B43295EDFD}.Debug|x86.Build.0 = Debug|x86
		{2E861C84-2D80-4A55-9AF4-26B43295EDFD}.Release|Any CPU.ActiveCfg = Release|Any CPU
		{2E861C84-2D80-4A55-9AF4-26B43295EDFD}.Release|Any CPU.Build.0 = Release|Any CPU
		{2E861C84-2D80-4A55-9AF4-26B43295EDFD}.Release|x64.ActiveCfg = Release|x64
		{2E861C84-2D80-4A55-9AF4-26B43295EDFD}.Release|x64.Build.0 = Release|x64
		{2E861C84-2D80-4A55-9AF4-26B43295EDFD}.Release|x86.ActiveCfg = Release|x86
		{2E861C84-2D80-4A55-9AF4-26B43295EDFD}.Release|x86.Build.0 = Release|x86
		{06C7DC7E-E8D3-4ADD-8C7A-0E089E003380}.Debug|Any CPU.ActiveCfg = Debug|Any CPU
		{06C7DC7E-E8D3-4ADD-8C7A-0E089E003380}.Debug|Any CPU.Build.0 = Debug|Any CPU
		{06C7DC7E-E8D3-4ADD-8C7A-0E089E003380}.Debug|x64.ActiveCfg = Debug|x64
		{06C7DC7E-E8D3-4ADD-8C7A-0E089E003380}.Debug|x64.Build.0 = Debug|x64
		{06C7DC7E-E8D3-4ADD-8C7A-0E089E003380}.Debug|x86.ActiveCfg = Debug|x86
		{06C7DC7E-E8D3-4ADD-8C7A-0E089E003380}.Debug|x86.Build.0 = Debug|x86
		{06C7DC7E-E8D3-4ADD-8C7A-0E089E003380}.Release|Any CPU.ActiveCfg = Release|Any CPU
		{06C7DC7E-E8D3-4ADD-8C7A-0E089E003380}.Release|Any CPU.Build.0 = Release|Any CPU
		{06C7DC7E-E8D3-4ADD-8C7A-0E089E003380}.Release|x64.ActiveCfg = Release|x64
		{06C7DC7E-E8D3-4ADD-8C7A-0E089E003380}.Release|x64.Build.0 = Release|x64
		{06C7DC7E-E8D3-4ADD-8C7A-0E089E003380}.Release|x86.ActiveCfg = Release|x86
		{06C7DC7E-E8D3-4ADD-8C7A-0E089E003380}.Release|x86.Build.0 = Release|x86
		{AC4FAF1A-7FDF-480F-B254-1B275619C1C9}.Debug|Any CPU.ActiveCfg = Debug|Any CPU
		{AC4FAF1A-7FDF-480F-B254-1B275619C1C9}.Debug|Any CPU.Build.0 = Debug|Any CPU
		{AC4FAF1A-7FDF-480F-B254-1B275619C1C9}.Debug|x64.ActiveCfg = Debug|x64
		{AC4FAF1A-7FDF-480F-B254-1B275619C1C9}.Debug|x64.Build.0 = Debug|x64
		{AC4FAF1A-7FDF-480F-B254-1B275619C1C9}.Debug|x86.ActiveCfg = Debug|x86
		{AC4FAF1A-7FDF-480F-B254-1B275619C1C9}.Debug|x86.Build.0 = Debug|x86
		{AC4FAF1A-7FDF-480F-B254-1B275619C1C9}.Release|Any CPU.ActiveCfg = Release|Any CPU
		{AC4FAF1A-7FDF-480F-B254-1B275619C1C9}.Release|Any CPU.Build.0 = Release|Any CPU
		{AC4FAF1A-7FDF-480F-B254-1B275619C1C9}.Release|x64.ActiveCfg = Release|x64
		{AC4FAF1A-7FDF-480F-B254-1B275619C1C9}.Release|x64.Build.0 = Release|x64
		{AC4FAF1A-7FDF-480F-B254-1B275619C1C9}.Release|x86.ActiveCfg = Release|x86
		{AC4FAF1A-7FDF-480F-B254-1B275619C1C9}.Release|x86.Build.0 = Release|x86
		{76398E62-37A5-497A-AE8E-90549921065D}.Debug|Any CPU.ActiveCfg = Debug|Any CPU
		{76398E62-37A5-497A-AE8E-90549921065D}.Debug|Any CPU.Build.0 = Debug|Any CPU
		{76398E62-37A5-497A-AE8E-90549921065D}.Debug|x64.ActiveCfg = Debug|x64
		{76398E62-37A5-497A-AE8E-90549921065D}.Debug|x64.Build.0 = Debug|x64
		{76398E62-37A5-497A-AE8E-90549921065D}.Debug|x86.ActiveCfg = Debug|x86
		{76398E62-37A5-497A-AE8E-90549921065D}.Debug|x86.Build.0 = Debug|x86
		{76398E62-37A5-497A-AE8E-90549921065D}.Release|Any CPU.ActiveCfg = Release|Any CPU
		{76398E62-37A5-497A-AE8E-90549921065D}.Release|Any CPU.Build.0 = Release|Any CPU
		{76398E62-37A5-497A-AE8E-90549921065D}.Release|x64.ActiveCfg = Release|x64
		{76398E62-37A5-497A-AE8E-90549921065D}.Release|x64.Build.0 = Release|x64
		{76398E62-37A5-497A-AE8E-90549921065D}.Release|x86.ActiveCfg = Release|x86
		{76398E62-37A5-497A-AE8E-90549921065D}.Release|x86.Build.0 = Release|x86
		{635BE9AA-D6B0-4EE3-9184-67CF31D69FC4}.Debug|Any CPU.ActiveCfg = Debug|Any CPU
		{635BE9AA-D6B0-4EE3-9184-67CF31D69FC4}.Debug|Any CPU.Build.0 = Debug|Any CPU
		{635BE9AA-D6B0-4EE3-9184-67CF31D69FC4}.Debug|x64.ActiveCfg = Debug|x64
		{635BE9AA-D6B0-4EE3-9184-67CF31D69FC4}.Debug|x64.Build.0 = Debug|x64
		{635BE9AA-D6B0-4EE3-9184-67CF31D69FC4}.Debug|x86.ActiveCfg = Debug|Any CPU
		{635BE9AA-D6B0-4EE3-9184-67CF31D69FC4}.Debug|x86.Build.0 = Debug|Any CPU
		{635BE9AA-D6B0-4EE3-9184-67CF31D69FC4}.Release|Any CPU.ActiveCfg = Release|Any CPU
		{635BE9AA-D6B0-4EE3-9184-67CF31D69FC4}.Release|Any CPU.Build.0 = Release|Any CPU
		{635BE9AA-D6B0-4EE3-9184-67CF31D69FC4}.Release|x64.ActiveCfg = Release|x64
		{635BE9AA-D6B0-4EE3-9184-67CF31D69FC4}.Release|x64.Build.0 = Release|x64
		{635BE9AA-D6B0-4EE3-9184-67CF31D69FC4}.Release|x86.ActiveCfg = Release|Any CPU
		{635BE9AA-D6B0-4EE3-9184-67CF31D69FC4}.Release|x86.Build.0 = Release|Any CPU
	EndGlobalSection
	GlobalSection(SolutionProperties) = preSolution
		HideSolutionNode = FALSE
	EndGlobalSection
	GlobalSection(ExtensibilityGlobals) = postSolution
		SolutionGuid = {D9813A0F-08DB-464D-A6AF-7AE8C6143C9B}
	EndGlobalSection
EndGlobal
